PODS:
  - Capacitor (6.2.2):
    - CapacitorCordova
  - CapacitorCordova (6.2.2)
  - CapacitorStatusBar (6.0.3):
    - Capacitor

DEPENDENCIES:
  - "Capacitor (from `../../node_modules/@capacitor/ios`)"
  - "CapacitorCordova (from `../../node_modules/@capacitor/ios`)"
  - "CapacitorStatusBar (from `../../node_modules/@capacitor/status-bar`)"

EXTERNAL SOURCES:
  Capacitor:
    :path: "../../node_modules/@capacitor/ios"
  CapacitorCordova:
    :path: "../../node_modules/@capacitor/ios"
  CapacitorStatusBar:
    :path: "../../node_modules/@capacitor/status-bar"

SPEC CHECKSUMS:
  Capacitor: 6591a78b923b7e6dde28506ffeea820356e68013
  CapacitorCordova: c2c76283b5c00cf6073bab0b1311e3b10bd17254
  CapacitorStatusBar: 149cde8f1328ec3aa6cbdd872a55137ae3f98b16

PODFILE CHECKSUM: 816cca1e0996e5a4f8a6d3f70aad051f862b11c2

COCOAPODS: 1.17.0
